
Microsoft Visual Studio Solution File, Format Version 12.00
# Visual Studio Version 17
VisualStudioVersion = 17.14.36221.1
MinimumVisualStudioVersion = 10.0.40219.1
Project("{FAE04EC0-301F-11D3-BF4B-00C04F79EFBC}") = "Server", "Server\Server.csproj", "{4290291F-3E7A-428D-ADBD-4018EE0961AB}"
EndProject
Project("{FAE04EC0-301F-11D3-BF4B-00C04F79EFBC}") = "CupidClient", "CupidClient\CupidClient.csproj", "{DBD6DF45-5BAE-45D7-860C-19A1E540B123}"
EndProject
Project("{FAE04EC0-301F-11D3-BF4B-00C04F79EFBC}") = "PersonClient", "PersonClient\PersonClient.csproj", "{457EB1D1-9C35-4145-A58D-14D4084D4AFA}"
EndProject
Global
	GlobalSection(SolutionConfigurationPlatforms) = preSolution
		Debug|Any CPU = Debug|Any CPU
		Release|Any CPU = Release|Any CPU
	EndGlobalSection
	GlobalSection(ProjectConfigurationPlatforms) = postSolution
		{4290291F-3E7A-428D-ADBD-4018EE0961AB}.Debug|Any CPU.ActiveCfg = Debug|Any CPU
		{4290291F-3E7A-428D-ADBD-4018EE0961AB}.Debug|Any CPU.Build.0 = Debug|Any CPU
		{4290291F-3E7A-428D-ADBD-4018EE0961AB}.Release|Any CPU.ActiveCfg = Release|Any CPU
		{4290291F-3E7A-428D-ADBD-4018EE0961AB}.Release|Any CPU.Build.0 = Release|Any CPU
		{DBD6DF45-5BAE-45D7-860C-19A1E540B123}.Debug|Any CPU.ActiveCfg = Debug|Any CPU
		{DBD6DF45-5BAE-45D7-860C-19A1E540B123}.Debug|Any CPU.Build.0 = Debug|Any CPU
		{DBD6DF45-5BAE-45D7-860C-19A1E540B123}.Release|Any CPU.ActiveCfg = Release|Any CPU
		{DBD6DF45-5BAE-45D7-860C-19A1E540B123}.Release|Any CPU.Build.0 = Release|Any CPU
		{457EB1D1-9C35-4145-A58D-14D4084D4AFA}.Debug|Any CPU.ActiveCfg = Debug|Any CPU
		{457EB1D1-9C35-4145-A58D-14D4084D4AFA}.Debug|Any CPU.Build.0 = Debug|Any CPU
		{457EB1D1-9C35-4145-A58D-14D4084D4AFA}.Release|Any CPU.ActiveCfg = Release|Any CPU
		{457EB1D1-9C35-4145-A58D-14D4084D4AFA}.Release|Any CPU.Build.0 = Release|Any CPU
	EndGlobalSection
	GlobalSection(SolutionProperties) = preSolution
		HideSolutionNode = FALSE
	EndGlobalSection
	GlobalSection(ExtensibilityGlobals) = postSolution
		SolutionGuid = {E9E63C58-0DBA-480A-80DB-28DC414C8FAA}
	EndGlobalSection
EndGlobal
